// !$*UTF8*$!
{
	archiveVersion = 1;
	classes = {
	};
	objectVersion = 46;
	objects = {

/* Begin PBXBuildFile section */
		BE01494A1EAE1BEA00A7AFF8 /* AppDelegate.swift in Sources */ = {isa = PBXBuildFile; fileRef = BE0149491EAE1BEA00A7AFF8 /* AppDelegate.swift */; };
		BE01494C1EAE1BEA00A7AFF8 /* ViewController.swift in Sources */ = {isa = PBXBuildFile; fileRef = BE01494B1EAE1BEA00A7AFF8 /* ViewController.swift */; };
		BE01494F1EAE1BEA00A7AFF8 /* Main.storyboard in Resources */ = {isa = PBXBuildFile; fileRef = BE01494D1EAE1BEA00A7AFF8 /* Main.storyboard */; };
		BE0149511EAE1BEA00A7AFF8 /* Assets.xcassets in Resources */ = {isa = PBXBuildFile; fileRef = BE0149501EAE1BEA00A7AFF8 /* Assets.xcassets */; };
		BE0149541EAE1BEA00A7AFF8 /* LaunchScreen.storyboard in Resources */ = {isa = PBXBuildFile; fileRef = BE0149521EAE1BEA00A7AFF8 /* LaunchScreen.storyboard */; };
		BE01495C1EAE215100A7AFF8 /* pokemon.csv in Resources */ = {isa = PBXBuildFile; fileRef = BE01495B1EAE215100A7AFF8 /* pokemon.csv */; };
/* End PBXBuildFile section */

/* Begin PBXFileReference section */
		BE0149461EAE1BEA00A7AFF8 /* pokedex.app */ = {isa = PBXFileReference; explicitFileType = wrapper.application; includeInIndex = 0; path = pokedex.app; sourceTree = BUILT_PRODUCTS_DIR; };
		BE0149491EAE1BEA00A7AFF8 /* AppDelegate.swift */ = {isa = PBXFileReference; lastKnownFileType = sourcecode.swift; path = AppDelegate.swift; sourceTree = "<group>"; };
		BE01494B1EAE1BEA00A7AFF8 /* ViewController.swift */ = {isa = PBXFileReference; lastKnownFileType = sourcecode.swift; path = ViewController.swift; sourceTree = "<group>"; };
		BE01494E1EAE1BEA00A7AFF8 /* Base */ = {isa = PBXFileReference; lastKnownFileType = file.storyboard; name = Base; path = Base.lproj/Main.storyboard; sourceTree = "<group>"; };
		BE0149501EAE1BEA00A7AFF8 /* Assets.xcassets */ = {isa = PBXFileReference; lastKnownFileType = folder.assetcatalog; path = Assets.xcassets; sourceTree = "<group>"; };
		BE0149531EAE1BEA00A7AFF8 /* Base */ = {isa = PBXFileReference; lastKnownFileType = file.storyboard; name = Base; path = Base.lproj/LaunchScreen.storyboard; sourceTree = "<group>"; };
		BE0149551EAE1BEA00A7AFF8 /* Info.plist */ = {isa = PBXFileReference; lastKnownFileType = text.plist.xml; path = Info.plist; sourceTree = "<group>"; };
		BE01495B1EAE215100A7AFF8 /* pokemon.csv */ = {isa = PBXFileReference; fileEncoding = 4; lastKnownFileType = text; path = pokemon.csv; sourceTree = "<group>"; };
/* End PBXFileReference section */

/* Begin PBXFrameworksBuildPhase section */
		BE0149431EAE1BEA00A7AFF8 /* Frameworks */ = {
			isa = PBXFrameworksBuildPhase;
			buildActionMask = 2147483647;
			files = (
			);
			runOnlyForDeploymentPostprocessing = 0;
		};
/* End PBXFrameworksBuildPhase section */

/* Begin PBXGroup section */
		BE01493D1EAE1BEA00A7AFF8 = {
			isa = PBXGroup;
			children = (
				BE0149481EAE1BEA00A7AFF8 /* pokedex */,
				BE0149471EAE1BEA00A7AFF8 /* Products */,
			);
			sourceTree = "<group>";
		};
		BE0149471EAE1BEA00A7AFF8 /* Products */ = {
			isa = PBXGroup;
			children = (
				BE0149461EAE1BEA00A7AFF8 /* pokedex.app */,
			);
			name = Products;
			sourceTree = "<group>";
		};
		BE0149481EAE1BEA00A7AFF8 /* pokedex */ = {
			isa = PBXGroup;
			children = (
				BE0149491EAE1BEA00A7AFF8 /* AppDelegate.swift */,
				BE01494B1EAE1BEA00A7AFF8 /* ViewController.swift */,
				BE01495B1EAE215100A7AFF8 /* pokemon.csv */,
				BE01494D1EAE1BEA00A7AFF8 /* Main.storyboard */,
				BE0149501EAE1BEA00A7AFF8 /* Assets.xcassets */,
				BE0149521EAE1BEA00A7AFF8 /* LaunchScreen.storyboard */,
				BE0149551EAE1BEA00A7AFF8 /* Info.plist */,
			);
			path = pokedex;
			sourceTree = "<group>";
		};
/* End PBXGroup section */

/* Begin PBXNativeTarget section */
		BE0149451EAE1BEA00A7AFF8 /* pokedex */ = {
			isa = PBXNativeTarget;
			buildConfigurationList = BE0149581EAE1BEA00A7AFF8 /* Build configuration list for PBXNativeTarget "pokedex" */;
			buildPhases = (
				BE0149421EAE1BEA00A7AFF8 /* Sources */,
				BE0149431EAE1BEA00A7AFF8 /* Frameworks */,
				BE0149441EAE1BEA00A7AFF8 /* Resources */,
			);
			buildRules = (
			);
			dependencies = (
			);
			name = pokedex;
			productName = pokedex;
			productReference = BE0149461EAE1BEA00A7AFF8 /* pokedex.app */;
			productType = "com.apple.product-type.application";
		};
/* End PBXNativeTarget section */

/* Begin PBXProject section */
		BE01493E1EAE1BEA00A7AFF8 /* Project object */ = {
			isa = PBXProject;
			attributes = {
				LastSwiftUpdateCheck = 0830;
				LastUpgradeCheck = 0830;
				ORGANIZATIONNAME = "Emre yavuz";
				TargetAttributes = {
					BE0149451EAE1BEA00A7AFF8 = {
						CreatedOnToolsVersion = 8.3.1;
						ProvisioningStyle = Automatic;
					};
				};
			};
			buildConfigurationList = BE0149411EAE1BEA00A7AFF8 /* Build configuration list for PBXProject "pokedex" */;
			compatibilityVersion = "Xcode 3.2";
			developmentRegion = English;
			hasScannedForEncodings = 0;
			knownRegions = (
				en,
				Base,
			);
			mainGroup = BE01493D1EAE1BEA00A7AFF8;
			productRefGroup = BE0149471EAE1BEA00A7AFF8 /* Products */;
			projectDirPath = "";
			projectRoot = "";
			targets = (
				BE0149451EAE1BEA00A7AFF8 /* pokedex */,
			);
		};
/* End PBXProject section */

/* Begin PBXResourcesBuildPhase section */
		BE0149441EAE1BEA00A7AFF8 /* Resources */ = {
			isa = PBXResourcesBuildPhase;
			buildActionMask = 2147483647;
			files = (
				BE0149541EAE1BEA00A7AFF8 /* LaunchScreen.storyboard in Resources */,
				BE0149511EAE1BEA00A7AFF8 /* Assets.xcassets in Resources */,
				BE01495C1EAE215100A7AFF8 /* pokemon.csv in Resources */,
				BE01494F1EAE1BEA00A7AFF8 /* Main.storyboard in Resources */,
			);
			runOnlyForDeploymentPostprocessing = 0;
		};
/* End PBXResourcesBuildPhase section */

/* Begin PBXSourcesBuildPhase section */
		BE0149421EAE1BEA00A7AFF8 /* Sources */ = {
			isa = PBXSourcesBuildPhase;
			buildActionMask = 2147483647;
			files = (
				BE01494C1EAE1BEA00A7AFF8 /* ViewController.swift in Sources */,
				BE01494A1EAE1BEA00A7AFF8 /* AppDelegate.swift in Sources */,
			);
			runOnlyForDeploymentPostprocessing = 0;
		};
/* End PBXSourcesBuildPhase section */

/* Begin PBXVariantGroup section */
		BE01494D1EAE1BEA00A7AFF8 /* Main.storyboard */ = {
			isa = PBXVariantGroup;
			children = (
				BE01494E1EAE1BEA00A7AFF8 /* Base */,
			);
			name = Main.storyboard;
			sourceTree = "<group>";
		};
		BE0149521EAE1BEA00A7AFF8 /* LaunchScreen.storyboard */ = {
			isa = PBXVariantGroup;
			children = (
				BE0149531EAE1BEA00A7AFF8 /* Base */,
			);
			name = LaunchScreen.storyboard;
			sourceTree = "<group>";
		};
/* End PBXVariantGroup section */

/* Begin XCBuildConfiguration section */
		BE0149561EAE1BEA00A7AFF8 /* Debug */ = {
			isa = XCBuildConfiguration;
			buildSettings = {
				ALWAYS_SEARCH_USER_PATHS = NO;
				CLANG_ANALYZER_NONNULL = YES;
				CLANG_ANALYZER_NUMBER_OBJECT_CONVERSION = YES_AGGRESSIVE;
				CLANG_CXX_LANGUAGE_STANDARD = "gnu++0x";
				CLANG_CXX_LIBRARY = "libc++";
				CLANG_ENABLE_MODULES = YES;
				CLANG_ENABLE_OBJC_ARC = YES;
				CLANG_WARN_BOOL_CONVERSION = YES;
				CLANG_WARN_CONSTANT_CONVERSION = YES;
				CLANG_WARN_DIRECT_OBJC_ISA_USAGE = YES_ERROR;
				CLANG_WARN_DOCUMENTATION_COMMENTS = YES;
				CLANG_WARN_EMPTY_BODY = YES;
				CLANG_WARN_ENUM_CONVERSION = YES;
				CLANG_WARN_INFINITE_RECURSION = YES;
				CLANG_WARN_INT_CONVERSION = YES;
				CLANG_WARN_OBJC_ROOT_CLASS = YES_ERROR;
				CLANG_WARN_SUSPICIOUS_MOVE = YES;
				CLANG_WARN_UNREACHABLE_CODE = YES;
				CLANG_WARN__DUPLICATE_METHOD_MATCH = YES;
				"CODE_SIGN_IDENTITY[sdk=iphoneos*]" = "iPhone Developer";
				COPY_PHASE_STRIP = NO;
				DEBUG_INFORMATION_FORMAT = dwarf;
				ENABLE_STRICT_OBJC_MSGSEND = YES;
				ENABLE_TESTABILITY = YES;
				GCC_C_LANGUAGE_STANDARD = gnu99;
				GCC_DYNAMIC_NO_PIC = NO;
				GCC_NO_COMMON_BLOCKS = YES;
				GCC_OPTIMIZATION_LEVEL = 0;
				GCC_PREPROCESSOR_DEFINITIONS = (
					"DEBUG=1",
					"$(inherited)",
				);
				GCC_WARN_64_TO_32_BIT_CONVERSION = YES;
				GCC_WARN_ABOUT_RETURN_TYPE = YES_ERROR;
				GCC_WARN_UNDECLARED_SELECTOR = YES;
				GCC_WARN_UNINITIALIZED_AUTOS = YES_AGGRESSIVE;
				GCC_WARN_UNUSED_FUNCTION = YES;
				GCC_WARN_UNUSED_VARIABLE = YES;
				IPHONEOS_DEPLOYMENT_TARGET = 10.3;
				MTL_ENABLE_DEBUG_INFO = YES;
				ONLY_ACTIVE_ARCH = YES;
				SDKROOT = iphoneos;
				SWIFT_ACTIVE_COMPILATION_CONDITIONS = DEBUG;
				SWIFT_OPTIMIZATION_LEVEL = "-Onone";
				TARGETED_DEVICE_FAMILY = "1,2";
			};
			name = Debug;
		};
		BE0149571EAE1BEA00A7AFF8 /* Release */ = {
			isa = XCBuildConfiguration;
			buildSettings = {
				ALWAYS_SEARCH_USER_PATHS = NO;
				CLANG_ANALYZER_NONNULL = YES;
				CLANG_ANALYZER_NUMBER_OBJECT_CONVERSION = YES_AGGRESSIVE;
				CLANG_CXX_LANGUAGE_STANDARD = "gnu++0x";
				CLANG_CXX_LIBRARY = "libc++";
				CLANG_ENABLE_MODULES = YES;
				CLANG_ENABLE_OBJC_ARC = YES;
				CLANG_WARN_BOOL_CONVERSION = YES;
				CLANG_WARN_CONSTANT_CONVERSION = YES;
				CLANG_WARN_DIRECT_OBJC_ISA_USAGE = YES_ERROR;
				CLANG_WARN_DOCUMENTATION_COMMENTS = YES;
				CLANG_WARN_EMPTY_BODY = YES;
				CLANG_WARN_ENUM_CONVERSION = YES;
				CLANG_WARN_INFINITE_RECURSION = YES;
				CLANG_WARN_INT_CONVERSION = YES;
				CLANG_WARN_OBJC_ROOT_CLASS = YES_ERROR;
				CLANG_WARN_SUSPICIOUS_MOVE = YES;
				CLANG_WARN_UNREACHABLE_CODE = YES;
				CLANG_WARN__DUPLICATE_METHOD_MATCH = YES;
				"CODE_SIGN_IDENTITY[sdk=iphoneos*]" = "iPhone Developer";
				COPY_PHASE_STRIP = NO;
				DEBUG_INFORMATION_FORMAT = "dwarf-with-dsym";
				ENABLE_NS_ASSERTIONS = NO;
				ENABLE_STRICT_OBJC_MSGSEND = YES;
				GCC_C_LANGUAGE_STANDARD = gnu99;
				GCC_NO_COMMON_BLOCKS = YES;
				GCC_WARN_64_TO_32_BIT_CONVERSION = YES;
				GCC_WARN_ABOUT_RETURN_TYPE = YES_ERROR;
				GCC_WARN_UNDECLARED_SELECTOR = YES;
				GCC_WARN_UNINITIALIZED_AUTOS = YES_AGGRESSIVE;
				GCC_WARN_UNUSED_FUNCTION = YES;
				GCC_WARN_UNUSED_VARIABLE = YES;
				IPHONEOS_DEPLOYMENT_TARGET = 10.3;
				MTL_ENABLE_DEBUG_INFO = NO;
				SDKROOT = iphoneos;
				SWIFT_OPTIMIZATION_LEVEL = "-Owholemodule";
				TARGETED_DEVICE_FAMILY = "1,2";
				VALIDATE_PRODUCT = YES;
			};
			name = Release;
		};
		BE0149591EAE1BEA00A7AFF8 /* Debug */ = {
			isa = XCBuildConfiguration;
			buildSettings = {
				ASSETCATALOG_COMPILER_APPICON_NAME = AppIcon;
				INFOPLIST_FILE = pokedex/Info.plist;
				LD_RUNPATH_SEARCH_PATHS = "$(inherited) @executable_path/Frameworks";
				PRODUCT_BUNDLE_IDENTIFIER = com.emreyavuz.pokedex;
				PRODUCT_NAME = "$(TARGET_NAME)";
				SWIFT_VERSION = 3.0;
			};
			name = Debug;
		};
		BE01495A1EAE1BEA00A7AFF8 /* Release */ = {
			isa = XCBuildConfiguration;
			buildSettings = {
				ASSETCATALOG_COMPILER_APPICON_NAME = AppIcon;
				INFOPLIST_FILE = pokedex/Info.plist;
				LD_RUNPATH_SEARCH_PATHS = "$(inherited) @executable_path/Frameworks";
				PRODUCT_BUNDLE_IDENTIFIER = com.emreyavuz.pokedex;
				PRODUCT_NAME = "$(TARGET_NAME)";
				SWIFT_VERSION = 3.0;
			};
			name = Release;
		};
/* End XCBuildConfiguration section */

/* Begin XCConfigurationList section */
		BE0149411EAE1BEA00A7AFF8 /* Build configuration list for PBXProject "pokedex" */ = {
			isa = XCConfigurationList;
			buildConfigurations = (
				BE0149561EAE1BEA00A7AFF8 /* Debug */,
				BE0149571EAE1BEA00A7AFF8 /* Release */,
			);
			defaultConfigurationIsVisible = 0;
			defaultConfigurationName = Release;
		};
		BE0149581EAE1BEA00A7AFF8 /* Build configuration list for PBXNativeTarget "pokedex" */ = {
			isa = XCConfigurationList;
			buildConfigurations = (
				BE0149591EAE1BEA00A7AFF8 /* Debug */,
				BE01495A1EAE1BEA00A7AFF8 /* Release */,
			);
			defaultConfigurationIsVisible = 0;
		};
/* End XCConfigurationList section */
	};
	rootObject = BE01493E1EAE1BEA00A7AFF8 /* Project object */;
}
